
Microsoft Visual Studio Solution File, Format Version 11.00
# Visual Studio 2010
Project("{FAE04EC0-301F-11D3-BF4B-00C04F79EFBC}") = "Assembly-CSharp", "Assembly-CSharp.csproj", "{F67E6DF5-EDE5-FAA3-11F0-472BC5E77681}"
EndProject
Global
	GlobalSection(SolutionConfigurationPlatforms) = preSolution
		Debug|Any CPU = Debug|Any CPU
		Release|Any CPU = Release|Any CPU
	EndGlobalSection
	GlobalSection(ProjectConfigurationPlatforms) = postSolution
		{F67E6DF5-EDE5-FAA3-11F0-472BC5E77681}.Debug|Any CPU.ActiveCfg = Debug|Any CPU
		{F67E6DF5-EDE5-FAA3-11F0-472BC5E77681}.Debug|Any CPU.Build.0 = Debug|Any CPU
		{F67E6DF5-EDE5-FAA3-11F0-472BC5E77681}.Release|Any CPU.ActiveCfg = Release|Any CPU
		{F67E6DF5-EDE5-FAA3-11F0-472BC5E77681}.Release|Any CPU.Build.0 = Release|Any CPU
	EndGlobalSection
	GlobalSection(SolutionProperties) = preSolution
		HideSolutionNode = FALSE
	EndGlobalSection
EndGlobal
